
Microsoft Visual Studio Solution File, Format Version 10.00
# Visual C++ Express 2008
Project("{8BC9CEB8-8B4A-11D0-8D11-00A0C91BC942}") = "PA_1_1", "PA_1_1\PA_1_1.vcproj", "{AD7579F3-A5D3-410B-9126-A35E7DB97E60}"
EndProject
Project("{8BC9CEB8-8B4A-11D0-8D11-00A0C91BC942}") = "PA_1_2", "PA_1_2\PA_1_2.vcproj", "{8F2ABF27-AC5E-4F7E-B7AC-0C6972F853DD}"
EndProject
Project("{8BC9CEB8-8B4A-11D0-8D11-00A0C91BC942}") = "PA_1_3", "PA_1_3\PA_1_3.vcproj", "{1ABEF6C7-DD0D-4C82-B4F3-98AC42F38C9E}"
EndProject
Project("{8BC9CEB8-8B4A-11D0-8D11-00A0C91BC942}") = "PA_2_1", "PA_2_1\PA_2_1.vcproj", "{E2579497-BD19-46C0-9C7C-4B172B263AB9}"
EndProject
Project("{8BC9CEB8-8B4A-11D0-8D11-00A0C91BC942}") = "PA_2_2", "PA_2_2\PA_2_2.vcproj", "{BA0CEF22-8E3B-40FC-9A7A-80DAAAF6BC36}"
EndProject
Project("{8BC9CEB8-8B4A-11D0-8D11-00A0C91BC942}") = "PA_2_3", "PA_2_3\PA_2_3.vcproj", "{DA7D9F56-67DC-4074-AABD-6776BFB6D124}"
EndProject
Project("{8BC9CEB8-8B4A-11D0-8D11-00A0C91BC942}") = "PA_3_1", "PA_3_1\PA_3_1.vcproj", "{FA25F20F-3722-4BCD-8384-B3F778E75003}"
EndProject
Project("{8BC9CEB8-8B4A-11D0-8D11-00A0C91BC942}") = "PA_3_2", "PA_3_2\PA_3_2.vcproj", "{5FD84B21-D344-4B6E-A2B5-D1F7F39696AC}"
EndProject
Project("{8BC9CEB8-8B4A-11D0-8D11-00A0C91BC942}") = "PA_3_3", "PA_3_3\PA_3_3.vcproj", "{2206C960-743A-44E1-AEEA-8D4299AE0D9C}"
EndProject
Global
	GlobalSection(SolutionConfigurationPlatforms) = preSolution
		Debug|Win32 = Debug|Win32
		Release|Win32 = Release|Win32
	EndGlobalSection
	GlobalSection(ProjectConfigurationPlatforms) = postSolution
		{AD7579F3-A5D3-410B-9126-A35E7DB97E60}.Debug|Win32.ActiveCfg = Debug|Win32
		{AD7579F3-A5D3-410B-9126-A35E7DB97E60}.Debug|Win32.Build.0 = Debug|Win32
		{AD7579F3-A5D3-410B-9126-A35E7DB97E60}.Release|Win32.ActiveCfg = Release|Win32
		{AD7579F3-A5D3-410B-9126-A35E7DB97E60}.Release|Win32.Build.0 = Release|Win32
		{8F2ABF27-AC5E-4F7E-B7AC-0C6972F853DD}.Debug|Win32.ActiveCfg = Debug|Win32
		{8F2ABF27-AC5E-4F7E-B7AC-0C6972F853DD}.Debug|Win32.Build.0 = Debug|Win32
		{8F2ABF27-AC5E-4F7E-B7AC-0C6972F853DD}.Release|Win32.ActiveCfg = Release|Win32
		{8F2ABF27-AC5E-4F7E-B7AC-0C6972F853DD}.Release|Win32.Build.0 = Release|Win32
		{1ABEF6C7-DD0D-4C82-B4F3-98AC42F38C9E}.Debug|Win32.ActiveCfg = Debug|Win32
		{1ABEF6C7-DD0D-4C82-B4F3-98AC42F38C9E}.Debug|Win32.Build.0 = Debug|Win32
		{1ABEF6C7-DD0D-4C82-B4F3-98AC42F38C9E}.Release|Win32.ActiveCfg = Release|Win32
		{1ABEF6C7-DD0D-4C82-B4F3-98AC42F38C9E}.Release|Win32.Build.0 = Release|Win32
		{E2579497-BD19-46C0-9C7C-4B172B263AB9}.Debug|Win32.ActiveCfg = Debug|Win32
		{E2579497-BD19-46C0-9C7C-4B172B263AB9}.Debug|Win32.Build.0 = Debug|Win32
		{E2579497-BD19-46C0-9C7C-4B172B263AB9}.Release|Win32.ActiveCfg = Release|Win32
		{E2579497-BD19-46C0-9C7C-4B172B263AB9}.Release|Win32.Build.0 = Release|Win32
		{BA0CEF22-8E3B-40FC-9A7A-80DAAAF6BC36}.Debug|Win32.ActiveCfg = Debug|Win32
		{BA0CEF22-8E3B-40FC-9A7A-80DAAAF6BC36}.Debug|Win32.Build.0 = Debug|Win32
		{BA0CEF22-8E3B-40FC-9A7A-80DAAAF6BC36}.Release|Win32.ActiveCfg = Release|Win32
		{BA0CEF22-8E3B-40FC-9A7A-80DAAAF6BC36}.Release|Win32.Build.0 = Release|Win32
		{DA7D9F56-67DC-4074-AABD-6776BFB6D124}.Debug|Win32.ActiveCfg = Debug|Win32
		{DA7D9F56-67DC-4074-AABD-6776BFB6D124}.Debug|Win32.Build.0 = Debug|Win32
		{DA7D9F56-67DC-4074-AABD-6776BFB6D124}.Release|Win32.ActiveCfg = Release|Win32
		{DA7D9F56-67DC-4074-AABD-6776BFB6D124}.Release|Win32.Build.0 = Release|Win32
		{FA25F20F-3722-4BCD-8384-B3F778E75003}.Debug|Win32.ActiveCfg = Debug|Win32
		{FA25F20F-3722-4BCD-8384-B3F778E75003}.Debug|Win32.Build.0 = Debug|Win32
		{FA25F20F-3722-4BCD-8384-B3F778E75003}.Release|Win32.ActiveCfg = Release|Win32
		{FA25F20F-3722-4BCD-8384-B3F778E75003}.Release|Win32.Build.0 = Release|Win32
		{5FD84B21-D344-4B6E-A2B5-D1F7F39696AC}.Debug|Win32.ActiveCfg = Debug|Win32
		{5FD84B21-D344-4B6E-A2B5-D1F7F39696AC}.Debug|Win32.Build.0 = Debug|Win32
		{5FD84B21-D344-4B6E-A2B5-D1F7F39696AC}.Release|Win32.ActiveCfg = Release|Win32
		{5FD84B21-D344-4B6E-A2B5-D1F7F39696AC}.Release|Win32.Build.0 = Release|Win32
		{2206C960-743A-44E1-AEEA-8D4299AE0D9C}.Debug|Win32.ActiveCfg = Debug|Win32
		{2206C960-743A-44E1-AEEA-8D4299AE0D9C}.Debug|Win32.Build.0 = Debug|Win32
		{2206C960-743A-44E1-AEEA-8D4299AE0D9C}.Release|Win32.ActiveCfg = Release|Win32
		{2206C960-743A-44E1-AEEA-8D4299AE0D9C}.Release|Win32.Build.0 = Release|Win32
	EndGlobalSection
	GlobalSection(SolutionProperties) = preSolution
		HideSolutionNode = FALSE
	EndGlobalSection
EndGlobal
